
Microsoft Visual Studio Solution File, Format Version 12.00
# Visual Studio 15
VisualStudioVersion = 15.0.28010.2050
MinimumVisualStudioVersion = 10.0.40219.1
Project("{9A19103F-16F7-4668-BE54-9A1E7A4F7556}") = "MarsRover", "MarsRover\MarsRover.csproj", "{21CAD319-AD07-452A-83B0-B0A6B11DC75C}"
EndProject
Project("{9A19103F-16F7-4668-BE54-9A1E7A4F7556}") = "MarsRover.Test", "MarsRover.Test\MarsRover.Test.csproj", "{1B546399-5373-44DB-9267-B72F7125DA21}"
EndProject
Project("{E53339B2-1760-4266-BCC7-CA923CBCF16C}") = "docker-compose", "docker-compose.dcproj", "{ADB59EA9-6F72-4C92-BE67-12B35A7B75B5}"
EndProject
Global
	GlobalSection(SolutionConfigurationPlatforms) = preSolution
		Debug|Any CPU = Debug|Any CPU
		Release|Any CPU = Release|Any CPU
	EndGlobalSection
	GlobalSection(ProjectConfigurationPlatforms) = postSolution
		{21CAD319-AD07-452A-83B0-B0A6B11DC75C}.Debug|Any CPU.ActiveCfg = Debug|Any CPU
		{21CAD319-AD07-452A-83B0-B0A6B11DC75C}.Debug|Any CPU.Build.0 = Debug|Any CPU
		{21CAD319-AD07-452A-83B0-B0A6B11DC75C}.Release|Any CPU.ActiveCfg = Release|Any CPU
		{21CAD319-AD07-452A-83B0-B0A6B11DC75C}.Release|Any CPU.Build.0 = Release|Any CPU
		{1B546399-5373-44DB-9267-B72F7125DA21}.Debug|Any CPU.ActiveCfg = Debug|Any CPU
		{1B546399-5373-44DB-9267-B72F7125DA21}.Debug|Any CPU.Build.0 = Debug|Any CPU
		{1B546399-5373-44DB-9267-B72F7125DA21}.Release|Any CPU.ActiveCfg = Release|Any CPU
		{1B546399-5373-44DB-9267-B72F7125DA21}.Release|Any CPU.Build.0 = Release|Any CPU
		{ADB59EA9-6F72-4C92-BE67-12B35A7B75B5}.Debug|Any CPU.ActiveCfg = Debug|Any CPU
		{ADB59EA9-6F72-4C92-BE67-12B35A7B75B5}.Debug|Any CPU.Build.0 = Debug|Any CPU
		{ADB59EA9-6F72-4C92-BE67-12B35A7B75B5}.Release|Any CPU.ActiveCfg = Release|Any CPU
		{ADB59EA9-6F72-4C92-BE67-12B35A7B75B5}.Release|Any CPU.Build.0 = Release|Any CPU
	EndGlobalSection
	GlobalSection(SolutionProperties) = preSolution
		HideSolutionNode = FALSE
	EndGlobalSection
	GlobalSection(ExtensibilityGlobals) = postSolution
		SolutionGuid = {196717A2-F6C3-4168-A6CC-3569D4D79A62}
	EndGlobalSection
EndGlobal
